
Microsoft Visual Studio Solution File, Format Version 12.00
# Visual Studio Version 16
VisualStudioVersion = 16.0.30204.135
MinimumVisualStudioVersion = 10.0.40219.1
Project("{FAE04EC0-301F-11D3-BF4B-00C04F79EFBC}") = "CommandProject", "CommandProject\CommandProject.csproj", "{6236F491-3CCD-4E66-AB0C-DFF7831F4CBA}"
EndProject
Global
	GlobalSection(SolutionConfigurationPlatforms) = preSolution
		Debug|Any CPU = Debug|Any CPU
		Release|Any CPU = Release|Any CPU
	EndGlobalSection
	GlobalSection(ProjectConfigurationPlatforms) = postSolution
		{6236F491-3CCD-4E66-AB0C-DFF7831F4CBA}.Debug|Any CPU.ActiveCfg = Debug|Any CPU
		{6236F491-3CCD-4E66-AB0C-DFF7831F4CBA}.Debug|Any CPU.Build.0 = Debug|Any CPU
		{6236F491-3CCD-4E66-AB0C-DFF7831F4CBA}.Release|Any CPU.ActiveCfg = Release|Any CPU
		{6236F491-3CCD-4E66-AB0C-DFF7831F4CBA}.Release|Any CPU.Build.0 = Release|Any CPU
	EndGlobalSection
	GlobalSection(SolutionProperties) = preSolution
		HideSolutionNode = FALSE
	EndGlobalSection
	GlobalSection(ExtensibilityGlobals) = postSolution
		SolutionGuid = {0A7049E0-4577-4BEB-B61A-D157605891F0}
	EndGlobalSection
EndGlobal
